PODS:
  - Dispatcher (0.1.4)
  - Sjuft (0.1.0):
    - Dispatcher (~> 0.1.0)

DEPENDENCIES:
  - Sjuft (from `../`)

EXTERNAL SOURCES:
  Sjuft:
    :path: "../"

SPEC CHECKSUMS:
  Dispatcher: 46f3efaa4ea4b0d2cfce688d6de6b904c471f1b2
  Sjuft: dbf83f6f6406060b2f568775cba0dde273d71384

COCOAPODS: 0.38.1
