PODS:
  - Dispatcher (0.1.4)
  - Sjuft (0.1.1):
    - Dispatcher (~> 0.1.4)

DEPENDENCIES:
  - Sjuft (from `../`)

EXTERNAL SOURCES:
  Sjuft:
    :path: "../"

SPEC CHECKSUMS:
  Dispatcher: 46f3efaa4ea4b0d2cfce688d6de6b904c471f1b2
  Sjuft: 0172881c435c21a69235caf10fe2923768606b16

COCOAPODS: 0.39.0
